
Microsoft Visual Studio Solution File, Format Version 12.00
# Visual Studio Version 17
VisualStudioVersion = 17.1.32328.378
MinimumVisualStudioVersion = 10.0.40219.1
Project("{FAE04EC0-301F-11D3-BF4B-00C04F79EFBC}") = "Main.Api", "Main.Api.csproj", "{4AE1BD09-7FD3-4BBA-9C52-C043250CF6AA}"
EndProject
Project("{FAE04EC0-301F-11D3-BF4B-00C04F79EFBC}") = "Secondary.Api", "..\Secondary.Api\Secondary.Api.csproj", "{540E6ACC-BF9A-46EE-B446-AB036D8785D7}"
EndProject
Global
	GlobalSection(SolutionConfigurationPlatforms) = preSolution
		Debug|Any CPU = Debug|Any CPU
		Release|Any CPU = Release|Any CPU
	EndGlobalSection
	GlobalSection(ProjectConfigurationPlatforms) = postSolution
		{4AE1BD09-7FD3-4BBA-9C52-C043250CF6AA}.Debug|Any CPU.ActiveCfg = Debug|Any CPU
		{4AE1BD09-7FD3-4BBA-9C52-C043250CF6AA}.Debug|Any CPU.Build.0 = Debug|Any CPU
		{4AE1BD09-7FD3-4BBA-9C52-C043250CF6AA}.Release|Any CPU.ActiveCfg = Release|Any CPU
		{4AE1BD09-7FD3-4BBA-9C52-C043250CF6AA}.Release|Any CPU.Build.0 = Release|Any CPU
		{540E6ACC-BF9A-46EE-B446-AB036D8785D7}.Debug|Any CPU.ActiveCfg = Debug|Any CPU
		{540E6ACC-BF9A-46EE-B446-AB036D8785D7}.Debug|Any CPU.Build.0 = Debug|Any CPU
		{540E6ACC-BF9A-46EE-B446-AB036D8785D7}.Release|Any CPU.ActiveCfg = Release|Any CPU
		{540E6ACC-BF9A-46EE-B446-AB036D8785D7}.Release|Any CPU.Build.0 = Release|Any CPU
	EndGlobalSection
	GlobalSection(SolutionProperties) = preSolution
		HideSolutionNode = FALSE
	EndGlobalSection
	GlobalSection(ExtensibilityGlobals) = postSolution
		SolutionGuid = {05607D4A-3B13-410C-AA4E-3F60450FCBC8}
	EndGlobalSection
EndGlobal
